
Microsoft Visual Studio Solution File, Format Version 12.00
# Visual Studio Version 17
VisualStudioVersion = 17.10.35004.147
MinimumVisualStudioVersion = 10.0.40219.1
Project("{FAE04EC0-301F-11D3-BF4B-00C04F79EFBC}") = "FinalProject", "FinalProject\FinalProject.csproj", "{AB8A8954-58B7-4D83-9E68-FE38F62BAD55}"
EndProject
Global
	GlobalSection(SolutionConfigurationPlatforms) = preSolution
		Debug|Any CPU = Debug|Any CPU
		Release|Any CPU = Release|Any CPU
	EndGlobalSection
	GlobalSection(ProjectConfigurationPlatforms) = postSolution
		{AB8A8954-58B7-4D83-9E68-FE38F62BAD55}.Debug|Any CPU.ActiveCfg = Debug|Any CPU
		{AB8A8954-58B7-4D83-9E68-FE38F62BAD55}.Debug|Any CPU.Build.0 = Debug|Any CPU
		{AB8A8954-58B7-4D83-9E68-FE38F62BAD55}.Release|Any CPU.ActiveCfg = Release|Any CPU
		{AB8A8954-58B7-4D83-9E68-FE38F62BAD55}.Release|Any CPU.Build.0 = Release|Any CPU
	EndGlobalSection
	GlobalSection(SolutionProperties) = preSolution
		HideSolutionNode = FALSE
	EndGlobalSection
	GlobalSection(ExtensibilityGlobals) = postSolution
		SolutionGuid = {0093B3D8-CECB-4B4A-88BB-A70BA7F1980A}
	EndGlobalSection
EndGlobal
